
Microsoft Visual Studio Solution File, Format Version 12.00
# Visual Studio Version 16
VisualStudioVersion = 16.0.30011.22
MinimumVisualStudioVersion = 10.0.40219.1
Project("{9A19103F-16F7-4668-BE54-9A1E7A4F7556}") = "Resume.Api", "Resume.Api\Resume.Api.csproj", "{F2EDF92A-B814-42BA-BCCC-D31DBB8850E1}"
EndProject
Project("{2150E333-8FDC-42A3-9474-1A3956D46DE8}") = "Domain", "Domain", "{4576C753-01B2-4732-A1AB-ABC5D3E40420}"
EndProject
Project("{2150E333-8FDC-42A3-9474-1A3956D46DE8}") = "BusinessLayer", "BusinessLayer", "{705F8318-1B4C-4D95-BA1B-794FB4FD71F3}"
EndProject
Project("{2150E333-8FDC-42A3-9474-1A3956D46DE8}") = "Data", "Data", "{15859191-88BC-4E7D-9906-5C9B581901C1}"
EndProject
Project("{2150E333-8FDC-42A3-9474-1A3956D46DE8}") = "Infrastructure", "Infrastructure", "{9FE116F5-E37D-49A3-B20A-652F855CA323}"
EndProject
Project("{2150E333-8FDC-42A3-9474-1A3956D46DE8}") = "Test", "Test", "{D5798A74-4952-47B4-8F79-A1AEC3C47D14}"
EndProject
Project("{9A19103F-16F7-4668-BE54-9A1E7A4F7556}") = "BusinessLayer.Query", "BusinessLayer.Query\BusinessLayer.Query.csproj", "{84D4BAE4-2288-4B44-868D-580C742A29EF}"
EndProject
Project("{9A19103F-16F7-4668-BE54-9A1E7A4F7556}") = "BusinessLayer.Command", "BusinessLayer.Command\BusinessLayer.Command.csproj", "{1F88704D-6216-41BC-8963-476B454FBB0A}"
EndProject
Project("{9A19103F-16F7-4668-BE54-9A1E7A4F7556}") = "Data.Reader", "Data.Reader\Data.Reader.csproj", "{0C3A19FA-9D14-471B-90D1-E96C09FC94FC}"
EndProject
Project("{9A19103F-16F7-4668-BE54-9A1E7A4F7556}") = "Data.Writer", "Data.Writer\Data.Writer.csproj", "{A7BC48DE-648E-4289-8927-5A2AC7086E7C}"
EndProject
Project("{9A19103F-16F7-4668-BE54-9A1E7A4F7556}") = "Domain.SharedKernel", "Domain.SharedKernel\Domain.SharedKernel.csproj", "{353D6773-547C-4F11-8B9F-A4F80916058E}"
EndProject
Project("{9A19103F-16F7-4668-BE54-9A1E7A4F7556}") = "Domain.Resume", "Domain.Resume\Domain.Resume.csproj", "{44725755-7F6A-4FF9-846F-88A42B14BE04}"
EndProject
Project("{9A19103F-16F7-4668-BE54-9A1E7A4F7556}") = "Logging", "Logging\Logging.csproj", "{B2A5160A-26FC-473C-B164-DF78BED889CC}"
EndProject
Project("{9A19103F-16F7-4668-BE54-9A1E7A4F7556}") = "Data.Contracts", "Data.Contracts\Data.Contracts.csproj", "{DA2D86EB-FFEF-490A-9726-EF0CC92A9A38}"
EndProject
Project("{9A19103F-16F7-4668-BE54-9A1E7A4F7556}") = "Cache", "Cache\Cache.csproj", "{AB7FAC3F-48AB-457C-A88E-3D3BB00D09AE}"
EndProject
Project("{9A19103F-16F7-4668-BE54-9A1E7A4F7556}") = "Common", "Common\Common.csproj", "{53DC1A52-F95B-4C78-9A2D-37ADEED1078C}"
EndProject
Project("{2150E333-8FDC-42A3-9474-1A3956D46DE8}") = "Client", "Client", "{7EA1068E-00A6-4D02-AD00-1E4B4B16BB00}"
EndProject
Project("{9A19103F-16F7-4668-BE54-9A1E7A4F7556}") = "Client.Guardian", "Client.Guardian\Client.Guardian.csproj", "{099F0BAE-D1A1-4868-AE72-6A6F25389304}"
EndProject
Project("{9A19103F-16F7-4668-BE54-9A1E7A4F7556}") = "Message", "Message\Message.csproj", "{8B2F1FDF-2364-4382-99C7-B8674CE7FCA3}"
EndProject
Project("{FAE04EC0-301F-11D3-BF4B-00C04F79EFBC}") = "Resume.Grpc", "Resume.Grpc\Resume.Grpc.csproj", "{75F9662D-9982-4F77-BBE3-6479575D4797}"
EndProject
Global
	GlobalSection(SolutionConfigurationPlatforms) = preSolution
		Debug|Any CPU = Debug|Any CPU
		Release|Any CPU = Release|Any CPU
	EndGlobalSection
	GlobalSection(ProjectConfigurationPlatforms) = postSolution
		{F2EDF92A-B814-42BA-BCCC-D31DBB8850E1}.Debug|Any CPU.ActiveCfg = Debug|Any CPU
		{F2EDF92A-B814-42BA-BCCC-D31DBB8850E1}.Debug|Any CPU.Build.0 = Debug|Any CPU
		{F2EDF92A-B814-42BA-BCCC-D31DBB8850E1}.Release|Any CPU.ActiveCfg = Release|Any CPU
		{F2EDF92A-B814-42BA-BCCC-D31DBB8850E1}.Release|Any CPU.Build.0 = Release|Any CPU
		{84D4BAE4-2288-4B44-868D-580C742A29EF}.Debug|Any CPU.ActiveCfg = Debug|Any CPU
		{84D4BAE4-2288-4B44-868D-580C742A29EF}.Debug|Any CPU.Build.0 = Debug|Any CPU
		{84D4BAE4-2288-4B44-868D-580C742A29EF}.Release|Any CPU.ActiveCfg = Release|Any CPU
		{84D4BAE4-2288-4B44-868D-580C742A29EF}.Release|Any CPU.Build.0 = Release|Any CPU
		{1F88704D-6216-41BC-8963-476B454FBB0A}.Debug|Any CPU.ActiveCfg = Debug|Any CPU
		{1F88704D-6216-41BC-8963-476B454FBB0A}.Debug|Any CPU.Build.0 = Debug|Any CPU
		{1F88704D-6216-41BC-8963-476B454FBB0A}.Release|Any CPU.ActiveCfg = Release|Any CPU
		{1F88704D-6216-41BC-8963-476B454FBB0A}.Release|Any CPU.Build.0 = Release|Any CPU
		{0C3A19FA-9D14-471B-90D1-E96C09FC94FC}.Debug|Any CPU.ActiveCfg = Debug|Any CPU
		{0C3A19FA-9D14-471B-90D1-E96C09FC94FC}.Debug|Any CPU.Build.0 = Debug|Any CPU
		{0C3A19FA-9D14-471B-90D1-E96C09FC94FC}.Release|Any CPU.ActiveCfg = Release|Any CPU
		{0C3A19FA-9D14-471B-90D1-E96C09FC94FC}.Release|Any CPU.Build.0 = Release|Any CPU
		{A7BC48DE-648E-4289-8927-5A2AC7086E7C}.Debug|Any CPU.ActiveCfg = Debug|Any CPU
		{A7BC48DE-648E-4289-8927-5A2AC7086E7C}.Debug|Any CPU.Build.0 = Debug|Any CPU
		{A7BC48DE-648E-4289-8927-5A2AC7086E7C}.Release|Any CPU.ActiveCfg = Release|Any CPU
		{A7BC48DE-648E-4289-8927-5A2AC7086E7C}.Release|Any CPU.Build.0 = Release|Any CPU
		{353D6773-547C-4F11-8B9F-A4F80916058E}.Debug|Any CPU.ActiveCfg = Debug|Any CPU
		{353D6773-547C-4F11-8B9F-A4F80916058E}.Debug|Any CPU.Build.0 = Debug|Any CPU
		{353D6773-547C-4F11-8B9F-A4F80916058E}.Release|Any CPU.ActiveCfg = Release|Any CPU
		{353D6773-547C-4F11-8B9F-A4F80916058E}.Release|Any CPU.Build.0 = Release|Any CPU
		{44725755-7F6A-4FF9-846F-88A42B14BE04}.Debug|Any CPU.ActiveCfg = Debug|Any CPU
		{44725755-7F6A-4FF9-846F-88A42B14BE04}.Debug|Any CPU.Build.0 = Debug|Any CPU
		{44725755-7F6A-4FF9-846F-88A42B14BE04}.Release|Any CPU.ActiveCfg = Release|Any CPU
		{44725755-7F6A-4FF9-846F-88A42B14BE04}.Release|Any CPU.Build.0 = Release|Any CPU
		{B2A5160A-26FC-473C-B164-DF78BED889CC}.Debug|Any CPU.ActiveCfg = Debug|Any CPU
		{B2A5160A-26FC-473C-B164-DF78BED889CC}.Debug|Any CPU.Build.0 = Debug|Any CPU
		{B2A5160A-26FC-473C-B164-DF78BED889CC}.Release|Any CPU.ActiveCfg = Release|Any CPU
		{B2A5160A-26FC-473C-B164-DF78BED889CC}.Release|Any CPU.Build.0 = Release|Any CPU
		{DA2D86EB-FFEF-490A-9726-EF0CC92A9A38}.Debug|Any CPU.ActiveCfg = Debug|Any CPU
		{DA2D86EB-FFEF-490A-9726-EF0CC92A9A38}.Debug|Any CPU.Build.0 = Debug|Any CPU
		{DA2D86EB-FFEF-490A-9726-EF0CC92A9A38}.Release|Any CPU.ActiveCfg = Release|Any CPU
		{DA2D86EB-FFEF-490A-9726-EF0CC92A9A38}.Release|Any CPU.Build.0 = Release|Any CPU
		{AB7FAC3F-48AB-457C-A88E-3D3BB00D09AE}.Debug|Any CPU.ActiveCfg = Debug|Any CPU
		{AB7FAC3F-48AB-457C-A88E-3D3BB00D09AE}.Debug|Any CPU.Build.0 = Debug|Any CPU
		{AB7FAC3F-48AB-457C-A88E-3D3BB00D09AE}.Release|Any CPU.ActiveCfg = Release|Any CPU
		{AB7FAC3F-48AB-457C-A88E-3D3BB00D09AE}.Release|Any CPU.Build.0 = Release|Any CPU
		{53DC1A52-F95B-4C78-9A2D-37ADEED1078C}.Debug|Any CPU.ActiveCfg = Debug|Any CPU
		{53DC1A52-F95B-4C78-9A2D-37ADEED1078C}.Debug|Any CPU.Build.0 = Debug|Any CPU
		{53DC1A52-F95B-4C78-9A2D-37ADEED1078C}.Release|Any CPU.ActiveCfg = Release|Any CPU
		{53DC1A52-F95B-4C78-9A2D-37ADEED1078C}.Release|Any CPU.Build.0 = Release|Any CPU
		{099F0BAE-D1A1-4868-AE72-6A6F25389304}.Debug|Any CPU.ActiveCfg = Debug|Any CPU
		{099F0BAE-D1A1-4868-AE72-6A6F25389304}.Debug|Any CPU.Build.0 = Debug|Any CPU
		{099F0BAE-D1A1-4868-AE72-6A6F25389304}.Release|Any CPU.ActiveCfg = Release|Any CPU
		{099F0BAE-D1A1-4868-AE72-6A6F25389304}.Release|Any CPU.Build.0 = Release|Any CPU
		{8B2F1FDF-2364-4382-99C7-B8674CE7FCA3}.Debug|Any CPU.ActiveCfg = Debug|Any CPU
		{8B2F1FDF-2364-4382-99C7-B8674CE7FCA3}.Debug|Any CPU.Build.0 = Debug|Any CPU
		{8B2F1FDF-2364-4382-99C7-B8674CE7FCA3}.Release|Any CPU.ActiveCfg = Release|Any CPU
		{8B2F1FDF-2364-4382-99C7-B8674CE7FCA3}.Release|Any CPU.Build.0 = Release|Any CPU
		{75F9662D-9982-4F77-BBE3-6479575D4797}.Debug|Any CPU.ActiveCfg = Debug|Any CPU
		{75F9662D-9982-4F77-BBE3-6479575D4797}.Debug|Any CPU.Build.0 = Debug|Any CPU
		{75F9662D-9982-4F77-BBE3-6479575D4797}.Release|Any CPU.ActiveCfg = Release|Any CPU
		{75F9662D-9982-4F77-BBE3-6479575D4797}.Release|Any CPU.Build.0 = Release|Any CPU
	EndGlobalSection
	GlobalSection(SolutionProperties) = preSolution
		HideSolutionNode = FALSE
	EndGlobalSection
	GlobalSection(NestedProjects) = preSolution
		{84D4BAE4-2288-4B44-868D-580C742A29EF} = {705F8318-1B4C-4D95-BA1B-794FB4FD71F3}
		{1F88704D-6216-41BC-8963-476B454FBB0A} = {705F8318-1B4C-4D95-BA1B-794FB4FD71F3}
		{0C3A19FA-9D14-471B-90D1-E96C09FC94FC} = {15859191-88BC-4E7D-9906-5C9B581901C1}
		{A7BC48DE-648E-4289-8927-5A2AC7086E7C} = {15859191-88BC-4E7D-9906-5C9B581901C1}
		{353D6773-547C-4F11-8B9F-A4F80916058E} = {4576C753-01B2-4732-A1AB-ABC5D3E40420}
		{44725755-7F6A-4FF9-846F-88A42B14BE04} = {4576C753-01B2-4732-A1AB-ABC5D3E40420}
		{B2A5160A-26FC-473C-B164-DF78BED889CC} = {9FE116F5-E37D-49A3-B20A-652F855CA323}
		{DA2D86EB-FFEF-490A-9726-EF0CC92A9A38} = {15859191-88BC-4E7D-9906-5C9B581901C1}
		{AB7FAC3F-48AB-457C-A88E-3D3BB00D09AE} = {9FE116F5-E37D-49A3-B20A-652F855CA323}
		{53DC1A52-F95B-4C78-9A2D-37ADEED1078C} = {9FE116F5-E37D-49A3-B20A-652F855CA323}
		{099F0BAE-D1A1-4868-AE72-6A6F25389304} = {7EA1068E-00A6-4D02-AD00-1E4B4B16BB00}
		{8B2F1FDF-2364-4382-99C7-B8674CE7FCA3} = {9FE116F5-E37D-49A3-B20A-652F855CA323}
	EndGlobalSection
	GlobalSection(ExtensibilityGlobals) = postSolution
		SolutionGuid = {2DED902F-4DFB-4605-B717-A8F403344F65}
	EndGlobalSection
EndGlobal
